
Microsoft Visual Studio Solution File, Format Version 12.00
# Visual Studio Version 17
VisualStudioVersion = 17.13.35931.197 d17.13
MinimumVisualStudioVersion = 10.0.40219.1
Project("{FAE04EC0-301F-11D3-BF4B-00C04F79EFBC}") = "CamundaTools", "CamundaTools\CamundaTools.csproj", "{523A72C0-6720-4D8E-9338-E4356E977E33}"
EndProject
Global
	GlobalSection(SolutionConfigurationPlatforms) = preSolution
		Debug|Any CPU = Debug|Any CPU
		Release|Any CPU = Release|Any CPU
	EndGlobalSection
	GlobalSection(ProjectConfigurationPlatforms) = postSolution
		{523A72C0-6720-4D8E-9338-E4356E977E33}.Debug|Any CPU.ActiveCfg = Debug|Any CPU
		{523A72C0-6720-4D8E-9338-E4356E977E33}.Debug|Any CPU.Build.0 = Debug|Any CPU
		{523A72C0-6720-4D8E-9338-E4356E977E33}.Release|Any CPU.ActiveCfg = Release|Any CPU
		{523A72C0-6720-4D8E-9338-E4356E977E33}.Release|Any CPU.Build.0 = Release|Any CPU
	EndGlobalSection
	GlobalSection(SolutionProperties) = preSolution
		HideSolutionNode = FALSE
	EndGlobalSection
	GlobalSection(ExtensibilityGlobals) = postSolution
		SolutionGuid = {695B19D5-9FAF-4CED-8A18-516AE93496F9}
	EndGlobalSection
EndGlobal
